
Microsoft Visual Studio Solution File, Format Version 12.00
# Visual Studio Version 17
VisualStudioVersion = 17.6.33712.159
MinimumVisualStudioVersion = 10.0.40219.1
Project("{FAE04EC0-301F-11D3-BF4B-00C04F79EFBC}") = "Microsoft.MapIdentityApi", "Microsoft.MapIdentityApi\Microsoft.MapIdentityApi.csproj", "{05DE7694-D77C-4D9A-B5AE-C25A38B28AFB}"
EndProject
Project("{2150E333-8FDC-42A3-9474-1A3956D46DE8}") = "HttpRequests", "HttpRequests", "{BE5D61DA-000B-416B-AB7A-1ECEB51A9369}"
	ProjectSection(SolutionItems) = preProject
		login.http = login.http
		register.http = register.http
	EndProjectSection
EndProject
Global
	GlobalSection(SolutionConfigurationPlatforms) = preSolution
		Debug|Any CPU = Debug|Any CPU
		Release|Any CPU = Release|Any CPU
	EndGlobalSection
	GlobalSection(ProjectConfigurationPlatforms) = postSolution
		{05DE7694-D77C-4D9A-B5AE-C25A38B28AFB}.Debug|Any CPU.ActiveCfg = Debug|Any CPU
		{05DE7694-D77C-4D9A-B5AE-C25A38B28AFB}.Debug|Any CPU.Build.0 = Debug|Any CPU
		{05DE7694-D77C-4D9A-B5AE-C25A38B28AFB}.Release|Any CPU.ActiveCfg = Release|Any CPU
		{05DE7694-D77C-4D9A-B5AE-C25A38B28AFB}.Release|Any CPU.Build.0 = Release|Any CPU
	EndGlobalSection
	GlobalSection(SolutionProperties) = preSolution
		HideSolutionNode = FALSE
	EndGlobalSection
	GlobalSection(ExtensibilityGlobals) = postSolution
		SolutionGuid = {99ACABCE-E3F6-4B61-8208-6064481E821D}
	EndGlobalSection
EndGlobal
